
Microsoft Visual Studio Solution File, Format Version 12.00
# Visual Studio 2013
VisualStudioVersion = 12.0.40629.0
MinimumVisualStudioVersion = 10.0.40219.1
Project("{FAE04EC0-301F-11D3-BF4B-00C04F79EFBC}") = "MothWeb", "MothWeb\MothWeb.csproj", "{C6538872-1B6D-448E-A7C5-031671EA07DC}"
EndProject
Project("{FAE04EC0-301F-11D3-BF4B-00C04F79EFBC}") = "MothWeb.Tests", "MothWeb.Tests\MothWeb.Tests.csproj", "{20116F09-BEB8-416A-94DF-9FB99A46AB3E}"
EndProject
Global
	GlobalSection(SolutionConfigurationPlatforms) = preSolution
		Debug|Any CPU = Debug|Any CPU
		Release|Any CPU = Release|Any CPU
	EndGlobalSection
	GlobalSection(ProjectConfigurationPlatforms) = postSolution
		{C6538872-1B6D-448E-A7C5-031671EA07DC}.Debug|Any CPU.ActiveCfg = Debug|Any CPU
		{C6538872-1B6D-448E-A7C5-031671EA07DC}.Debug|Any CPU.Build.0 = Debug|Any CPU
		{C6538872-1B6D-448E-A7C5-031671EA07DC}.Release|Any CPU.ActiveCfg = Release|Any CPU
		{C6538872-1B6D-448E-A7C5-031671EA07DC}.Release|Any CPU.Build.0 = Release|Any CPU
		{20116F09-BEB8-416A-94DF-9FB99A46AB3E}.Debug|Any CPU.ActiveCfg = Debug|Any CPU
		{20116F09-BEB8-416A-94DF-9FB99A46AB3E}.Debug|Any CPU.Build.0 = Debug|Any CPU
		{20116F09-BEB8-416A-94DF-9FB99A46AB3E}.Release|Any CPU.ActiveCfg = Release|Any CPU
		{20116F09-BEB8-416A-94DF-9FB99A46AB3E}.Release|Any CPU.Build.0 = Release|Any CPU
	EndGlobalSection
	GlobalSection(SolutionProperties) = preSolution
		HideSolutionNode = FALSE
	EndGlobalSection
EndGlobal
